// !$*UTF8*$!
{
	archiveVersion = 1;
	classes = {
	};
	objectVersion = 48;
	objects = {

/* Begin PBXBuildFile section */
		A21C85DD20620230008DF288 /* AppDelegate.m in Sources */ = {isa = PBXBuildFile; fileRef = A21C85DC20620230008DF288 /* AppDelegate.m */; };
		A21C85E020620230008DF288 /* ViewController.m in Sources */ = {isa = PBXBuildFile; fileRef = A21C85DF20620230008DF288 /* ViewController.m */; };
		A21C85E320620230008DF288 /* Main.storyboard in Resources */ = {isa = PBXBuildFile; fileRef = A21C85E120620230008DF288 /* Main.storyboard */; };
		A21C85E520620230008DF288 /* Assets.xcassets in Resources */ = {isa = PBXBuildFile; fileRef = A21C85E420620230008DF288 /* Assets.xcassets */; };
		A21C85E820620230008DF288 /* LaunchScreen.storyboard in Resources */ = {isa = PBXBuildFile; fileRef = A21C85E620620230008DF288 /* LaunchScreen.storyboard */; };
		A21C85EB20620230008DF288 /* main.m in Sources */ = {isa = PBXBuildFile; fileRef = A21C85EA20620230008DF288 /* main.m */; };
		A21C85F520620231008DF288 /* WECHATTests.m in Sources */ = {isa = PBXBuildFile; fileRef = A21C85F420620231008DF288 /* WECHATTests.m */; };
		A21C860020620231008DF288 /* WECHATUITests.m in Sources */ = {isa = PBXBuildFile; fileRef = A21C85FF20620231008DF288 /* WECHATUITests.m */; };
/* End PBXBuildFile section */

/* Begin PBXContainerItemProxy section */
		A21C85F120620230008DF288 /* PBXContainerItemProxy */ = {
			isa = PBXContainerItemProxy;
			containerPortal = A21C85D020620230008DF288 /* Project object */;
			proxyType = 1;
			remoteGlobalIDString = A21C85D720620230008DF288;
			remoteInfo = WECHAT;
		};
		A21C85FC20620231008DF288 /* PBXContainerItemProxy */ = {
			isa = PBXContainerItemProxy;
			containerPortal = A21C85D020620230008DF288 /* Project object */;
			proxyType = 1;
			remoteGlobalIDString = A21C85D720620230008DF288;
			remoteInfo = WECHAT;
		};
/* End PBXContainerItemProxy section */

/* Begin PBXFileReference section */
		A21C85D820620230008DF288 /* WECHAT.app */ = {isa = PBXFileReference; explicitFileType = wrapper.application; includeInIndex = 0; path = WECHAT.app; sourceTree = BUILT_PRODUCTS_DIR; };
		A21C85DB20620230008DF288 /* AppDelegate.h */ = {isa = PBXFileReference; lastKnownFileType = sourcecode.c.h; path = AppDelegate.h; sourceTree = "<group>"; };
		A21C85DC20620230008DF288 /* AppDelegate.m */ = {isa = PBXFileReference; lastKnownFileType = sourcecode.c.objc; path = AppDelegate.m; sourceTree = "<group>"; };
		A21C85DE20620230008DF288 /* ViewController.h */ = {isa = PBXFileReference; lastKnownFileType = sourcecode.c.h; path = ViewController.h; sourceTree = "<group>"; };
		A21C85DF20620230008DF288 /* ViewController.m */ = {isa = PBXFileReference; lastKnownFileType = sourcecode.c.objc; path = ViewController.m; sourceTree = "<group>"; };
		A21C85E220620230008DF288 /* Base */ = {isa = PBXFileReference; lastKnownFileType = file.storyboard; name = Base; path = Base.lproj/Main.storyboard; sourceTree = "<group>"; };
		A21C85E420620230008DF288 /* Assets.xcassets */ = {isa = PBXFileReference; lastKnownFileType = folder.assetcatalog; path = Assets.xcassets; sourceTree = "<group>"; };
		A21C85E720620230008DF288 /* Base */ = {isa = PBXFileReference; lastKnownFileType = file.storyboard; name = Base; path = Base.lproj/LaunchScreen.storyboard; sourceTree = "<group>"; };
		A21C85E920620230008DF288 /* Info.plist */ = {isa = PBXFileReference; lastKnownFileType = text.plist.xml; path = Info.plist; sourceTree = "<group>"; };
		A21C85EA20620230008DF288 /* main.m */ = {isa = PBXFileReference; lastKnownFileType = sourcecode.c.objc; path = main.m; sourceTree = "<group>"; };
		A21C85F020620230008DF288 /* WECHATTests.xctest */ = {isa = PBXFileReference; explicitFileType = wrapper.cfbundle; includeInIndex = 0; path = WECHATTests.xctest; sourceTree = BUILT_PRODUCTS_DIR; };
		A21C85F420620231008DF288 /* WECHATTests.m */ = {isa = PBXFileReference; lastKnownFileType = sourcecode.c.objc; path = WECHATTests.m; sourceTree = "<group>"; };
		A21C85F620620231008DF288 /* Info.plist */ = {isa = PBXFileReference; lastKnownFileType = text.plist.xml; path = Info.plist; sourceTree = "<group>"; };
		A21C85FB20620231008DF288 /* WECHATUITests.xctest */ = {isa = PBXFileReference; explicitFileType = wrapper.cfbundle; includeInIndex = 0; path = WECHATUITests.xctest; sourceTree = BUILT_PRODUCTS_DIR; };
		A21C85FF20620231008DF288 /* WECHATUITests.m */ = {isa = PBXFileReference; lastKnownFileType = sourcecode.c.objc; path = WECHATUITests.m; sourceTree = "<group>"; };
		A21C860120620231008DF288 /* Info.plist */ = {isa = PBXFileReference; lastKnownFileType = text.plist.xml; path = Info.plist; sourceTree = "<group>"; };
/* End PBXFileReference section */

/* Begin PBXFrameworksBuildPhase section */
		A21C85D520620230008DF288 /* Frameworks */ = {
			isa = PBXFrameworksBuildPhase;
			buildActionMask = 2147483647;
			files = (
			);
			runOnlyForDeploymentPostprocessing = 0;
		};
		A21C85ED20620230008DF288 /* Frameworks */ = {
			isa = PBXFrameworksBuildPhase;
			buildActionMask = 2147483647;
			files = (
			);
			runOnlyForDeploymentPostprocessing = 0;
		};
		A21C85F820620231008DF288 /* Frameworks */ = {
			isa = PBXFrameworksBuildPhase;
			buildActionMask = 2147483647;
			files = (
			);
			runOnlyForDeploymentPostprocessing = 0;
		};
/* End PBXFrameworksBuildPhase section */

/* Begin PBXGroup section */
		A21C85CF20620230008DF288 = {
			isa = PBXGroup;
			children = (
				A21C85DA20620230008DF288 /* WECHAT */,
				A21C85F320620231008DF288 /* WECHATTests */,
				A21C85FE20620231008DF288 /* WECHATUITests */,
				A21C85D920620230008DF288 /* Products */,
			);
			sourceTree = "<group>";
		};
		A21C85D920620230008DF288 /* Products */ = {
			isa = PBXGroup;
			children = (
				A21C85D820620230008DF288 /* WECHAT.app */,
				A21C85F020620230008DF288 /* WECHATTests.xctest */,
				A21C85FB20620231008DF288 /* WECHATUITests.xctest */,
			);
			name = Products;
			sourceTree = "<group>";
		};
		A21C85DA20620230008DF288 /* WECHAT */ = {
			isa = PBXGroup;
			children = (
				A21C85DB20620230008DF288 /* AppDelegate.h */,
				A21C85DC20620230008DF288 /* AppDelegate.m */,
				A21C85DE20620230008DF288 /* ViewController.h */,
				A21C85DF20620230008DF288 /* ViewController.m */,
				A21C85E120620230008DF288 /* Main.storyboard */,
				A21C85E420620230008DF288 /* Assets.xcassets */,
				A21C85E620620230008DF288 /* LaunchScreen.storyboard */,
				A21C85E920620230008DF288 /* Info.plist */,
				A21C85EA20620230008DF288 /* main.m */,
			);
			path = WECHAT;
			sourceTree = "<group>";
		};
		A21C85F320620231008DF288 /* WECHATTests */ = {
			isa = PBXGroup;
			children = (
				A21C85F420620231008DF288 /* WECHATTests.m */,
				A21C85F620620231008DF288 /* Info.plist */,
			);
			path = WECHATTests;
			sourceTree = "<group>";
		};
		A21C85FE20620231008DF288 /* WECHATUITests */ = {
			isa = PBXGroup;
			children = (
				A21C85FF20620231008DF288 /* WECHATUITests.m */,
				A21C860120620231008DF288 /* Info.plist */,
			);
			path = WECHATUITests;
			sourceTree = "<group>";
		};
/* End PBXGroup section */

/* Begin PBXNativeTarget section */
		A21C85D720620230008DF288 /* WECHAT */ = {
			isa = PBXNativeTarget;
			buildConfigurationList = A21C860420620231008DF288 /* Build configuration list for PBXNativeTarget "WECHAT" */;
			buildPhases = (
				A21C85D420620230008DF288 /* Sources */,
				A21C85D520620230008DF288 /* Frameworks */,
				A21C85D620620230008DF288 /* Resources */,
			);
			buildRules = (
			);
			dependencies = (
			);
			name = WECHAT;
			productName = WECHAT;
			productReference = A21C85D820620230008DF288 /* WECHAT.app */;
			productType = "com.apple.product-type.application";
		};
		A21C85EF20620230008DF288 /* WECHATTests */ = {
			isa = PBXNativeTarget;
			buildConfigurationList = A21C860720620231008DF288 /* Build configuration list for PBXNativeTarget "WECHATTests" */;
			buildPhases = (
				A21C85EC20620230008DF288 /* Sources */,
				A21C85ED20620230008DF288 /* Frameworks */,
				A21C85EE20620230008DF288 /* Resources */,
			);
			buildRules = (
			);
			dependencies = (
				A21C85F220620230008DF288 /* PBXTargetDependency */,
			);
			name = WECHATTests;
			productName = WECHATTests;
			productReference = A21C85F020620230008DF288 /* WECHATTests.xctest */;
			productType = "com.apple.product-type.bundle.unit-test";
		};
		A21C85FA20620231008DF288 /* WECHATUITests */ = {
			isa = PBXNativeTarget;
			buildConfigurationList = A21C860A20620231008DF288 /* Build configuration list for PBXNativeTarget "WECHATUITests" */;
			buildPhases = (
				A21C85F720620231008DF288 /* Sources */,
				A21C85F820620231008DF288 /* Frameworks */,
				A21C85F920620231008DF288 /* Resources */,
			);
			buildRules = (
			);
			dependencies = (
				A21C85FD20620231008DF288 /* PBXTargetDependency */,
			);
			name = WECHATUITests;
			productName = WECHATUITests;
			productReference = A21C85FB20620231008DF288 /* WECHATUITests.xctest */;
			productType = "com.apple.product-type.bundle.ui-testing";
		};
/* End PBXNativeTarget section */

/* Begin PBXProject section */
		A21C85D020620230008DF288 /* Project object */ = {
			isa = PBXProject;
			attributes = {
				LastUpgradeCheck = 0920;
				ORGANIZATIONNAME = SongMenglong;
				TargetAttributes = {
					A21C85D720620230008DF288 = {
						CreatedOnToolsVersion = 9.2;
						ProvisioningStyle = Automatic;
					};
					A21C85EF20620230008DF288 = {
						CreatedOnToolsVersion = 9.2;
						ProvisioningStyle = Automatic;
						TestTargetID = A21C85D720620230008DF288;
					};
					A21C85FA20620231008DF288 = {
						CreatedOnToolsVersion = 9.2;
						ProvisioningStyle = Automatic;
						TestTargetID = A21C85D720620230008DF288;
					};
				};
			};
			buildConfigurationList = A21C85D320620230008DF288 /* Build configuration list for PBXProject "WECHAT" */;
			compatibilityVersion = "Xcode 8.0";
			developmentRegion = en;
			hasScannedForEncodings = 0;
			knownRegions = (
				en,
				Base,
			);
			mainGroup = A21C85CF20620230008DF288;
			productRefGroup = A21C85D920620230008DF288 /* Products */;
			projectDirPath = "";
			projectRoot = "";
			targets = (
				A21C85D720620230008DF288 /* WECHAT */,
				A21C85EF20620230008DF288 /* WECHATTests */,
				A21C85FA20620231008DF288 /* WECHATUITests */,
			);
		};
/* End PBXProject section */

/* Begin PBXResourcesBuildPhase section */
		A21C85D620620230008DF288 /* Resources */ = {
			isa = PBXResourcesBuildPhase;
			buildActionMask = 2147483647;
			files = (
				A21C85E820620230008DF288 /* LaunchScreen.storyboard in Resources */,
				A21C85E520620230008DF288 /* Assets.xcassets in Resources */,
				A21C85E320620230008DF288 /* Main.storyboard in Resources */,
			);
			runOnlyForDeploymentPostprocessing = 0;
		};
		A21C85EE20620230008DF288 /* Resources */ = {
			isa = PBXResourcesBuildPhase;
			buildActionMask = 2147483647;
			files = (
			);
			runOnlyForDeploymentPostprocessing = 0;
		};
		A21C85F920620231008DF288 /* Resources */ = {
			isa = PBXResourcesBuildPhase;
			buildActionMask = 2147483647;
			files = (
			);
			runOnlyForDeploymentPostprocessing = 0;
		};
/* End PBXResourcesBuildPhase section */

/* Begin PBXSourcesBuildPhase section */
		A21C85D420620230008DF288 /* Sources */ = {
			isa = PBXSourcesBuildPhase;
			buildActionMask = 2147483647;
			files = (
				A21C85E020620230008DF288 /* ViewController.m in Sources */,
				A21C85EB20620230008DF288 /* main.m in Sources */,
				A21C85DD20620230008DF288 /* AppDelegate.m in Sources */,
			);
			runOnlyForDeploymentPostprocessing = 0;
		};
		A21C85EC20620230008DF288 /* Sources */ = {
			isa = PBXSourcesBuildPhase;
			buildActionMask = 2147483647;
			files = (
				A21C85F520620231008DF288 /* WECHATTests.m in Sources */,
			);
			runOnlyForDeploymentPostprocessing = 0;
		};
		A21C85F720620231008DF288 /* Sources */ = {
			isa = PBXSourcesBuildPhase;
			buildActionMask = 2147483647;
			files = (
				A21C860020620231008DF288 /* WECHATUITests.m in Sources */,
			);
			runOnlyForDeploymentPostprocessing = 0;
		};
/* End PBXSourcesBuildPhase section */

/* Begin PBXTargetDependency section */
		A21C85F220620230008DF288 /* PBXTargetDependency */ = {
			isa = PBXTargetDependency;
			target = A21C85D720620230008DF288 /* WECHAT */;
			targetProxy = A21C85F120620230008DF288 /* PBXContainerItemProxy */;
		};
		A21C85FD20620231008DF288 /* PBXTargetDependency */ = {
			isa = PBXTargetDependency;
			target = A21C85D720620230008DF288 /* WECHAT */;
			targetProxy = A21C85FC20620231008DF288 /* PBXContainerItemProxy */;
		};
/* End PBXTargetDependency section */

/* Begin PBXVariantGroup section */
		A21C85E120620230008DF288 /* Main.storyboard */ = {
			isa = PBXVariantGroup;
			children = (
				A21C85E220620230008DF288 /* Base */,
			);
			name = Main.storyboard;
			sourceTree = "<group>";
		};
		A21C85E620620230008DF288 /* LaunchScreen.storyboard */ = {
			isa = PBXVariantGroup;
			children = (
				A21C85E720620230008DF288 /* Base */,
			);
			name = LaunchScreen.storyboard;
			sourceTree = "<group>";
		};
/* End PBXVariantGroup section */

/* Begin XCBuildConfiguration section */
		A21C860220620231008DF288 /* Debug */ = {
			isa = XCBuildConfiguration;
			buildSettings = {
				ALWAYS_SEARCH_USER_PATHS = NO;
				CLANG_ANALYZER_NONNULL = YES;
				CLANG_ANALYZER_NUMBER_OBJECT_CONVERSION = YES_AGGRESSIVE;
				CLANG_CXX_LANGUAGE_STANDARD = "gnu++14";
				CLANG_CXX_LIBRARY = "libc++";
				CLANG_ENABLE_MODULES = YES;
				CLANG_ENABLE_OBJC_ARC = YES;
				CLANG_WARN_BLOCK_CAPTURE_AUTORELEASING = YES;
				CLANG_WARN_BOOL_CONVERSION = YES;
				CLANG_WARN_COMMA = YES;
				CLANG_WARN_CONSTANT_CONVERSION = YES;
				CLANG_WARN_DIRECT_OBJC_ISA_USAGE = YES_ERROR;
				CLANG_WARN_DOCUMENTATION_COMMENTS = YES;
				CLANG_WARN_EMPTY_BODY = YES;
				CLANG_WARN_ENUM_CONVERSION = YES;
				CLANG_WARN_INFINITE_RECURSION = YES;
				CLANG_WARN_INT_CONVERSION = YES;
				CLANG_WARN_NON_LITERAL_NULL_CONVERSION = YES;
				CLANG_WARN_OBJC_LITERAL_CONVERSION = YES;
				CLANG_WARN_OBJC_ROOT_CLASS = YES_ERROR;
				CLANG_WARN_RANGE_LOOP_ANALYSIS = YES;
				CLANG_WARN_STRICT_PROTOTYPES = YES;
				CLANG_WARN_SUSPICIOUS_MOVE = YES;
				CLANG_WARN_UNGUARDED_AVAILABILITY = YES_AGGRESSIVE;
				CLANG_WARN_UNREACHABLE_CODE = YES;
				CLANG_WARN__DUPLICATE_METHOD_MATCH = YES;
				CODE_SIGN_IDENTITY = "iPhone Developer";
				COPY_PHASE_STRIP = NO;
				DEBUG_INFORMATION_FORMAT = dwarf;
				ENABLE_STRICT_OBJC_MSGSEND = YES;
				ENABLE_TESTABILITY = YES;
				GCC_C_LANGUAGE_STANDARD = gnu11;
				GCC_DYNAMIC_NO_PIC = NO;
				GCC_NO_COMMON_BLOCKS = YES;
				GCC_OPTIMIZATION_LEVEL = 0;
				GCC_PREPROCESSOR_DEFINITIONS = (
					"DEBUG=1",
					"$(inherited)",
				);
				GCC_WARN_64_TO_32_BIT_CONVERSION = YES;
				GCC_WARN_ABOUT_RETURN_TYPE = YES_ERROR;
				GCC_WARN_UNDECLARED_SELECTOR = YES;
				GCC_WARN_UNINITIALIZED_AUTOS = YES_AGGRESSIVE;
				GCC_WARN_UNUSED_FUNCTION = YES;
				GCC_WARN_UNUSED_VARIABLE = YES;
				IPHONEOS_DEPLOYMENT_TARGET = 11.2;
				MTL_ENABLE_DEBUG_INFO = YES;
				ONLY_ACTIVE_ARCH = YES;
				SDKROOT = iphoneos;
			};
			name = Debug;
		};
		A21C860320620231008DF288 /* Release */ = {
			isa = XCBuildConfiguration;
			buildSettings = {
				ALWAYS_SEARCH_USER_PATHS = NO;
				CLANG_ANALYZER_NONNULL = YES;
				CLANG_ANALYZER_NUMBER_OBJECT_CONVERSION = YES_AGGRESSIVE;
				CLANG_CXX_LANGUAGE_STANDARD = "gnu++14";
				CLANG_CXX_LIBRARY = "libc++";
				CLANG_ENABLE_MODULES = YES;
				CLANG_ENABLE_OBJC_ARC = YES;
				CLANG_WARN_BLOCK_CAPTURE_AUTORELEASING = YES;
				CLANG_WARN_BOOL_CONVERSION = YES;
				CLANG_WARN_COMMA = YES;
				CLANG_WARN_CONSTANT_CONVERSION = YES;
				CLANG_WARN_DIRECT_OBJC_ISA_USAGE = YES_ERROR;
				CLANG_WARN_DOCUMENTATION_COMMENTS = YES;
				CLANG_WARN_EMPTY_BODY = YES;
				CLANG_WARN_ENUM_CONVERSION = YES;
				CLANG_WARN_INFINITE_RECURSION = YES;
				CLANG_WARN_INT_CONVERSION = YES;
				CLANG_WARN_NON_LITERAL_NULL_CONVERSION = YES;
				CLANG_WARN_OBJC_LITERAL_CONVERSION = YES;
				CLANG_WARN_OBJC_ROOT_CLASS = YES_ERROR;
				CLANG_WARN_RANGE_LOOP_ANALYSIS = YES;
				CLANG_WARN_STRICT_PROTOTYPES = YES;
				CLANG_WARN_SUSPICIOUS_MOVE = YES;
				CLANG_WARN_UNGUARDED_AVAILABILITY = YES_AGGRESSIVE;
				CLANG_WARN_UNREACHABLE_CODE = YES;
				CLANG_WARN__DUPLICATE_METHOD_MATCH = YES;
				CODE_SIGN_IDENTITY = "iPhone Developer";
				COPY_PHASE_STRIP = NO;
				DEBUG_INFORMATION_FORMAT = "dwarf-with-dsym";
				ENABLE_NS_ASSERTIONS = NO;
				ENABLE_STRICT_OBJC_MSGSEND = YES;
				GCC_C_LANGUAGE_STANDARD = gnu11;
				GCC_NO_COMMON_BLOCKS = YES;
				GCC_WARN_64_TO_32_BIT_CONVERSION = YES;
				GCC_WARN_ABOUT_RETURN_TYPE = YES_ERROR;
				GCC_WARN_UNDECLARED_SELECTOR = YES;
				GCC_WARN_UNINITIALIZED_AUTOS = YES_AGGRESSIVE;
				GCC_WARN_UNUSED_FUNCTION = YES;
				GCC_WARN_UNUSED_VARIABLE = YES;
				IPHONEOS_DEPLOYMENT_TARGET = 11.2;
				MTL_ENABLE_DEBUG_INFO = NO;
				SDKROOT = iphoneos;
				VALIDATE_PRODUCT = YES;
			};
			name = Release;
		};
		A21C860520620231008DF288 /* Debug */ = {
			isa = XCBuildConfiguration;
			buildSettings = {
				ASSETCATALOG_COMPILER_APPICON_NAME = AppIcon;
				CODE_SIGN_STYLE = Automatic;
				DEVELOPMENT_TEAM = LYW4U2TVKK;
				INFOPLIST_FILE = WECHAT/Info.plist;
				LD_RUNPATH_SEARCH_PATHS = "$(inherited) @executable_path/Frameworks";
				PRODUCT_BUNDLE_IDENTIFIER = com.happylong.MyInsight;
				PRODUCT_NAME = "$(TARGET_NAME)";
				TARGETED_DEVICE_FAMILY = "1,2";
			};
			name = Debug;
		};
		A21C860620620231008DF288 /* Release */ = {
			isa = XCBuildConfiguration;
			buildSettings = {
				ASSETCATALOG_COMPILER_APPICON_NAME = AppIcon;
				CODE_SIGN_STYLE = Automatic;
				DEVELOPMENT_TEAM = LYW4U2TVKK;
				INFOPLIST_FILE = WECHAT/Info.plist;
				LD_RUNPATH_SEARCH_PATHS = "$(inherited) @executable_path/Frameworks";
				PRODUCT_BUNDLE_IDENTIFIER = com.happylong.MyInsight;
				PRODUCT_NAME = "$(TARGET_NAME)";
				TARGETED_DEVICE_FAMILY = "1,2";
			};
			name = Release;
		};
		A21C860820620231008DF288 /* Debug */ = {
			isa = XCBuildConfiguration;
			buildSettings = {
				BUNDLE_LOADER = "$(TEST_HOST)";
				CODE_SIGN_STYLE = Automatic;
				INFOPLIST_FILE = WECHATTests/Info.plist;
				LD_RUNPATH_SEARCH_PATHS = "$(inherited) @executable_path/Frameworks @loader_path/Frameworks";
				PRODUCT_BUNDLE_IDENTIFIER = com.uascent.WECHATTests;
				PRODUCT_NAME = "$(TARGET_NAME)";
				TARGETED_DEVICE_FAMILY = "1,2";
				TEST_HOST = "$(BUILT_PRODUCTS_DIR)/WECHAT.app/WECHAT";
			};
			name = Debug;
		};
		A21C860920620231008DF288 /* Release */ = {
			isa = XCBuildConfiguration;
			buildSettings = {
				BUNDLE_LOADER = "$(TEST_HOST)";
				CODE_SIGN_STYLE = Automatic;
				INFOPLIST_FILE = WECHATTests/Info.plist;
				LD_RUNPATH_SEARCH_PATHS = "$(inherited) @executable_path/Frameworks @loader_path/Frameworks";
				PRODUCT_BUNDLE_IDENTIFIER = com.uascent.WECHATTests;
				PRODUCT_NAME = "$(TARGET_NAME)";
				TARGETED_DEVICE_FAMILY = "1,2";
				TEST_HOST = "$(BUILT_PRODUCTS_DIR)/WECHAT.app/WECHAT";
			};
			name = Release;
		};
		A21C860B20620231008DF288 /* Debug */ = {
			isa = XCBuildConfiguration;
			buildSettings = {
				CODE_SIGN_STYLE = Automatic;
				INFOPLIST_FILE = WECHATUITests/Info.plist;
				LD_RUNPATH_SEARCH_PATHS = "$(inherited) @executable_path/Frameworks @loader_path/Frameworks";
				PRODUCT_BUNDLE_IDENTIFIER = com.uascent.WECHATUITests;
				PRODUCT_NAME = "$(TARGET_NAME)";
				TARGETED_DEVICE_FAMILY = "1,2";
				TEST_TARGET_NAME = WECHAT;
			};
			name = Debug;
		};
		A21C860C20620231008DF288 /* Release */ = {
			isa = XCBuildConfiguration;
			buildSettings = {
				CODE_SIGN_STYLE = Automatic;
				INFOPLIST_FILE = WECHATUITests/Info.plist;
				LD_RUNPATH_SEARCH_PATHS = "$(inherited) @executable_path/Frameworks @loader_path/Frameworks";
				PRODUCT_BUNDLE_IDENTIFIER = com.uascent.WECHATUITests;
				PRODUCT_NAME = "$(TARGET_NAME)";
				TARGETED_DEVICE_FAMILY = "1,2";
				TEST_TARGET_NAME = WECHAT;
			};
			name = Release;
		};
/* End XCBuildConfiguration section */

/* Begin XCConfigurationList section */
		A21C85D320620230008DF288 /* Build configuration list for PBXProject "WECHAT" */ = {
			isa = XCConfigurationList;
			buildConfigurations = (
				A21C860220620231008DF288 /* Debug */,
				A21C860320620231008DF288 /* Release */,
			);
			defaultConfigurationIsVisible = 0;
			defaultConfigurationName = Release;
		};
		A21C860420620231008DF288 /* Build configuration list for PBXNativeTarget "WECHAT" */ = {
			isa = XCConfigurationList;
			buildConfigurations = (
				A21C860520620231008DF288 /* Debug */,
				A21C860620620231008DF288 /* Release */,
			);
			defaultConfigurationIsVisible = 0;
			defaultConfigurationName = Release;
		};
		A21C860720620231008DF288 /* Build configuration list for PBXNativeTarget "WECHATTests" */ = {
			isa = XCConfigurationList;
			buildConfigurations = (
				A21C860820620231008DF288 /* Debug */,
				A21C860920620231008DF288 /* Release */,
			);
			defaultConfigurationIsVisible = 0;
			defaultConfigurationName = Release;
		};
		A21C860A20620231008DF288 /* Build configuration list for PBXNativeTarget "WECHATUITests" */ = {
			isa = XCConfigurationList;
			buildConfigurations = (
				A21C860B20620231008DF288 /* Debug */,
				A21C860C20620231008DF288 /* Release */,
			);
			defaultConfigurationIsVisible = 0;
			defaultConfigurationName = Release;
		};
/* End XCConfigurationList section */
	};
	rootObject = A21C85D020620230008DF288 /* Project object */;
}
