// !$*UTF8*$!
{
	archiveVersion = 1;
	classes = {
	};
	objectVersion = 48;
	objects = {

/* Begin PBXBuildFile section */
		21B668E691F1FCC113EA0995 /* libPods-ArtBox.a in Frameworks */ = {isa = PBXBuildFile; fileRef = 2D803F6A1D9FBFDEEE372456 /* libPods-ArtBox.a */; };
		A27983B2205222FC00FBAD32 /* ArtBoxTests.m in Sources */ = {isa = PBXBuildFile; fileRef = A27983B1205222FC00FBAD32 /* ArtBoxTests.m */; };
		A27983BD205222FD00FBAD32 /* ArtBoxUITests.m in Sources */ = {isa = PBXBuildFile; fileRef = A27983BC205222FD00FBAD32 /* ArtBoxUITests.m */; };
		A27983D8205228B200FBAD32 /* LaunchScreen.storyboard in Resources */ = {isa = PBXBuildFile; fileRef = A27983CB205228B100FBAD32 /* LaunchScreen.storyboard */; };
		A27983D9205228B200FBAD32 /* Assets.xcassets in Resources */ = {isa = PBXBuildFile; fileRef = A27983CD205228B100FBAD32 /* Assets.xcassets */; };
		A27983DA205228B200FBAD32 /* main.m in Sources */ = {isa = PBXBuildFile; fileRef = A27983CE205228B100FBAD32 /* main.m */; };
		A27983DB205228B200FBAD32 /* AppDelegate.m in Sources */ = {isa = PBXBuildFile; fileRef = A27983CF205228B100FBAD32 /* AppDelegate.m */; };
		A27983DC205228B200FBAD32 /* Info.plist in Resources */ = {isa = PBXBuildFile; fileRef = A27983D0205228B100FBAD32 /* Info.plist */; };
		A27983DE205228B200FBAD32 /* Main.storyboard in Resources */ = {isa = PBXBuildFile; fileRef = A27983D7205228B200FBAD32 /* Main.storyboard */; };
		A27983E12052294F00FBAD32 /* CommonTool.m in Sources */ = {isa = PBXBuildFile; fileRef = A27983E02052294F00FBAD32 /* CommonTool.m */; };
		A27983E42052296600FBAD32 /* OpenCV.m in Sources */ = {isa = PBXBuildFile; fileRef = A27983E32052296600FBAD32 /* OpenCV.m */; };
		A27983EB20522A7B00FBAD32 /* WelcomeVC.m in Sources */ = {isa = PBXBuildFile; fileRef = A27983EA20522A7B00FBAD32 /* WelcomeVC.m */; };
		A27983EE20522A8C00FBAD32 /* TabBarVC.m in Sources */ = {isa = PBXBuildFile; fileRef = A27983ED20522A8C00FBAD32 /* TabBarVC.m */; };
		A27983F120522A9D00FBAD32 /* MainRevealVC.m in Sources */ = {isa = PBXBuildFile; fileRef = A27983F020522A9D00FBAD32 /* MainRevealVC.m */; };
		A27983F820522D1400FBAD32 /* JinShiVC.m in Sources */ = {isa = PBXBuildFile; fileRef = A27983F720522D1400FBAD32 /* JinShiVC.m */; };
		A27983FB20522D2000FBAD32 /* ShuFaVC.m in Sources */ = {isa = PBXBuildFile; fileRef = A27983FA20522D2000FBAD32 /* ShuFaVC.m */; };
		A27983FE20522D2F00FBAD32 /* TaoCiVC.m in Sources */ = {isa = PBXBuildFile; fileRef = A27983FD20522D2F00FBAD32 /* TaoCiVC.m */; };
		A279840120522D3E00FBAD32 /* YouHuaVC.m in Sources */ = {isa = PBXBuildFile; fileRef = A279840020522D3E00FBAD32 /* YouHuaVC.m */; };
		B764B98B7A89A265E73862B4 /* libPods-ArtBoxTests.a in Frameworks */ = {isa = PBXBuildFile; fileRef = AA01B20B9AE439E46D551885 /* libPods-ArtBoxTests.a */; };
		BAD9D02A91192A634BC47CB5 /* libPods-ArtBoxUITests.a in Frameworks */ = {isa = PBXBuildFile; fileRef = 06762777DA9326264F8BC6CD /* libPods-ArtBoxUITests.a */; };
/* End PBXBuildFile section */

/* Begin PBXContainerItemProxy section */
		A27983AE205222FC00FBAD32 /* PBXContainerItemProxy */ = {
			isa = PBXContainerItemProxy;
			containerPortal = A279838D205222FC00FBAD32 /* Project object */;
			proxyType = 1;
			remoteGlobalIDString = A2798394205222FC00FBAD32;
			remoteInfo = ArtBox;
		};
		A27983B9205222FD00FBAD32 /* PBXContainerItemProxy */ = {
			isa = PBXContainerItemProxy;
			containerPortal = A279838D205222FC00FBAD32 /* Project object */;
			proxyType = 1;
			remoteGlobalIDString = A2798394205222FC00FBAD32;
			remoteInfo = ArtBox;
		};
/* End PBXContainerItemProxy section */

/* Begin PBXFileReference section */
		06762777DA9326264F8BC6CD /* libPods-ArtBoxUITests.a */ = {isa = PBXFileReference; explicitFileType = archive.ar; includeInIndex = 0; path = "libPods-ArtBoxUITests.a"; sourceTree = BUILT_PRODUCTS_DIR; };
		2D803F6A1D9FBFDEEE372456 /* libPods-ArtBox.a */ = {isa = PBXFileReference; explicitFileType = archive.ar; includeInIndex = 0; path = "libPods-ArtBox.a"; sourceTree = BUILT_PRODUCTS_DIR; };
		2DBC4E7EEF9D814CFC9C1A72 /* Pods-ArtBoxTests.debug.xcconfig */ = {isa = PBXFileReference; includeInIndex = 1; lastKnownFileType = text.xcconfig; name = "Pods-ArtBoxTests.debug.xcconfig"; path = "Pods/Target Support Files/Pods-ArtBoxTests/Pods-ArtBoxTests.debug.xcconfig"; sourceTree = "<group>"; };
		40A22AF958531703209C139A /* Pods-ArtBoxUITests.debug.xcconfig */ = {isa = PBXFileReference; includeInIndex = 1; lastKnownFileType = text.xcconfig; name = "Pods-ArtBoxUITests.debug.xcconfig"; path = "Pods/Target Support Files/Pods-ArtBoxUITests/Pods-ArtBoxUITests.debug.xcconfig"; sourceTree = "<group>"; };
		A2798395205222FC00FBAD32 /* ArtBox.app */ = {isa = PBXFileReference; explicitFileType = wrapper.application; includeInIndex = 0; path = ArtBox.app; sourceTree = BUILT_PRODUCTS_DIR; };
		A27983AD205222FC00FBAD32 /* ArtBoxTests.xctest */ = {isa = PBXFileReference; explicitFileType = wrapper.cfbundle; includeInIndex = 0; path = ArtBoxTests.xctest; sourceTree = BUILT_PRODUCTS_DIR; };
		A27983B1205222FC00FBAD32 /* ArtBoxTests.m */ = {isa = PBXFileReference; lastKnownFileType = sourcecode.c.objc; path = ArtBoxTests.m; sourceTree = "<group>"; };
		A27983B3205222FC00FBAD32 /* Info.plist */ = {isa = PBXFileReference; lastKnownFileType = text.plist.xml; path = Info.plist; sourceTree = "<group>"; };
		A27983B8205222FD00FBAD32 /* ArtBoxUITests.xctest */ = {isa = PBXFileReference; explicitFileType = wrapper.cfbundle; includeInIndex = 0; path = ArtBoxUITests.xctest; sourceTree = BUILT_PRODUCTS_DIR; };
		A27983BC205222FD00FBAD32 /* ArtBoxUITests.m */ = {isa = PBXFileReference; lastKnownFileType = sourcecode.c.objc; path = ArtBoxUITests.m; sourceTree = "<group>"; };
		A27983BE205222FD00FBAD32 /* Info.plist */ = {isa = PBXFileReference; lastKnownFileType = text.plist.xml; path = Info.plist; sourceTree = "<group>"; };
		A27983CB205228B100FBAD32 /* LaunchScreen.storyboard */ = {isa = PBXFileReference; fileEncoding = 4; lastKnownFileType = file.storyboard; path = LaunchScreen.storyboard; sourceTree = "<group>"; };
		A27983CC205228B100FBAD32 /* AppDelegate.h */ = {isa = PBXFileReference; fileEncoding = 4; lastKnownFileType = sourcecode.c.h; path = AppDelegate.h; sourceTree = "<group>"; };
		A27983CD205228B100FBAD32 /* Assets.xcassets */ = {isa = PBXFileReference; lastKnownFileType = folder.assetcatalog; path = Assets.xcassets; sourceTree = "<group>"; };
		A27983CE205228B100FBAD32 /* main.m */ = {isa = PBXFileReference; fileEncoding = 4; lastKnownFileType = sourcecode.c.objc; path = main.m; sourceTree = "<group>"; };
		A27983CF205228B100FBAD32 /* AppDelegate.m */ = {isa = PBXFileReference; fileEncoding = 4; lastKnownFileType = sourcecode.c.objc; path = AppDelegate.m; sourceTree = "<group>"; };
		A27983D0205228B100FBAD32 /* Info.plist */ = {isa = PBXFileReference; fileEncoding = 4; lastKnownFileType = text.plist.xml; path = Info.plist; sourceTree = "<group>"; };
		A27983D7205228B200FBAD32 /* Main.storyboard */ = {isa = PBXFileReference; fileEncoding = 4; lastKnownFileType = file.storyboard; path = Main.storyboard; sourceTree = "<group>"; };
		A27983DF2052294F00FBAD32 /* CommonTool.h */ = {isa = PBXFileReference; lastKnownFileType = sourcecode.c.h; path = CommonTool.h; sourceTree = "<group>"; };
		A27983E02052294F00FBAD32 /* CommonTool.m */ = {isa = PBXFileReference; lastKnownFileType = sourcecode.c.objc; path = CommonTool.m; sourceTree = "<group>"; };
		A27983E22052296600FBAD32 /* OpenCV.h */ = {isa = PBXFileReference; lastKnownFileType = sourcecode.c.h; path = OpenCV.h; sourceTree = "<group>"; };
		A27983E32052296600FBAD32 /* OpenCV.m */ = {isa = PBXFileReference; lastKnownFileType = sourcecode.c.objc; path = OpenCV.m; sourceTree = "<group>"; };
		A27983E920522A7B00FBAD32 /* WelcomeVC.h */ = {isa = PBXFileReference; lastKnownFileType = sourcecode.c.h; path = WelcomeVC.h; sourceTree = "<group>"; };
		A27983EA20522A7B00FBAD32 /* WelcomeVC.m */ = {isa = PBXFileReference; lastKnownFileType = sourcecode.c.objc; path = WelcomeVC.m; sourceTree = "<group>"; };
		A27983EC20522A8C00FBAD32 /* TabBarVC.h */ = {isa = PBXFileReference; lastKnownFileType = sourcecode.c.h; path = TabBarVC.h; sourceTree = "<group>"; };
		A27983ED20522A8C00FBAD32 /* TabBarVC.m */ = {isa = PBXFileReference; lastKnownFileType = sourcecode.c.objc; path = TabBarVC.m; sourceTree = "<group>"; };
		A27983EF20522A9D00FBAD32 /* MainRevealVC.h */ = {isa = PBXFileReference; lastKnownFileType = sourcecode.c.h; path = MainRevealVC.h; sourceTree = "<group>"; };
		A27983F020522A9D00FBAD32 /* MainRevealVC.m */ = {isa = PBXFileReference; lastKnownFileType = sourcecode.c.objc; path = MainRevealVC.m; sourceTree = "<group>"; };
		A27983F620522D1400FBAD32 /* JinShiVC.h */ = {isa = PBXFileReference; lastKnownFileType = sourcecode.c.h; path = JinShiVC.h; sourceTree = "<group>"; };
		A27983F720522D1400FBAD32 /* JinShiVC.m */ = {isa = PBXFileReference; lastKnownFileType = sourcecode.c.objc; path = JinShiVC.m; sourceTree = "<group>"; };
		A27983F920522D2000FBAD32 /* ShuFaVC.h */ = {isa = PBXFileReference; lastKnownFileType = sourcecode.c.h; path = ShuFaVC.h; sourceTree = "<group>"; };
		A27983FA20522D2000FBAD32 /* ShuFaVC.m */ = {isa = PBXFileReference; lastKnownFileType = sourcecode.c.objc; path = ShuFaVC.m; sourceTree = "<group>"; };
		A27983FC20522D2F00FBAD32 /* TaoCiVC.h */ = {isa = PBXFileReference; lastKnownFileType = sourcecode.c.h; path = TaoCiVC.h; sourceTree = "<group>"; };
		A27983FD20522D2F00FBAD32 /* TaoCiVC.m */ = {isa = PBXFileReference; lastKnownFileType = sourcecode.c.objc; path = TaoCiVC.m; sourceTree = "<group>"; };
		A27983FF20522D3E00FBAD32 /* YouHuaVC.h */ = {isa = PBXFileReference; lastKnownFileType = sourcecode.c.h; path = YouHuaVC.h; sourceTree = "<group>"; };
		A279840020522D3E00FBAD32 /* YouHuaVC.m */ = {isa = PBXFileReference; lastKnownFileType = sourcecode.c.objc; path = YouHuaVC.m; sourceTree = "<group>"; };
		AA01B20B9AE439E46D551885 /* libPods-ArtBoxTests.a */ = {isa = PBXFileReference; explicitFileType = archive.ar; includeInIndex = 0; path = "libPods-ArtBoxTests.a"; sourceTree = BUILT_PRODUCTS_DIR; };
		C0899342183BC365567AFA14 /* Pods-ArtBox.debug.xcconfig */ = {isa = PBXFileReference; includeInIndex = 1; lastKnownFileType = text.xcconfig; name = "Pods-ArtBox.debug.xcconfig"; path = "Pods/Target Support Files/Pods-ArtBox/Pods-ArtBox.debug.xcconfig"; sourceTree = "<group>"; };
		DBFEAEB1AE73593DF8513EEC /* Pods-ArtBoxTests.release.xcconfig */ = {isa = PBXFileReference; includeInIndex = 1; lastKnownFileType = text.xcconfig; name = "Pods-ArtBoxTests.release.xcconfig"; path = "Pods/Target Support Files/Pods-ArtBoxTests/Pods-ArtBoxTests.release.xcconfig"; sourceTree = "<group>"; };
		F4BD79D23C04E82AB7E6A222 /* Pods-ArtBoxUITests.release.xcconfig */ = {isa = PBXFileReference; includeInIndex = 1; lastKnownFileType = text.xcconfig; name = "Pods-ArtBoxUITests.release.xcconfig"; path = "Pods/Target Support Files/Pods-ArtBoxUITests/Pods-ArtBoxUITests.release.xcconfig"; sourceTree = "<group>"; };
		FBB2419746ADC8B99486A2E5 /* Pods-ArtBox.release.xcconfig */ = {isa = PBXFileReference; includeInIndex = 1; lastKnownFileType = text.xcconfig; name = "Pods-ArtBox.release.xcconfig"; path = "Pods/Target Support Files/Pods-ArtBox/Pods-ArtBox.release.xcconfig"; sourceTree = "<group>"; };
/* End PBXFileReference section */

/* Begin PBXFrameworksBuildPhase section */
		A2798392205222FC00FBAD32 /* Frameworks */ = {
			isa = PBXFrameworksBuildPhase;
			buildActionMask = 2147483647;
			files = (
				21B668E691F1FCC113EA0995 /* libPods-ArtBox.a in Frameworks */,
			);
			runOnlyForDeploymentPostprocessing = 0;
		};
		A27983AA205222FC00FBAD32 /* Frameworks */ = {
			isa = PBXFrameworksBuildPhase;
			buildActionMask = 2147483647;
			files = (
				B764B98B7A89A265E73862B4 /* libPods-ArtBoxTests.a in Frameworks */,
			);
			runOnlyForDeploymentPostprocessing = 0;
		};
		A27983B5205222FD00FBAD32 /* Frameworks */ = {
			isa = PBXFrameworksBuildPhase;
			buildActionMask = 2147483647;
			files = (
				BAD9D02A91192A634BC47CB5 /* libPods-ArtBoxUITests.a in Frameworks */,
			);
			runOnlyForDeploymentPostprocessing = 0;
		};
/* End PBXFrameworksBuildPhase section */

/* Begin PBXGroup section */
		48CD26B1BF086943D917C259 /* Pods */ = {
			isa = PBXGroup;
			children = (
				C0899342183BC365567AFA14 /* Pods-ArtBox.debug.xcconfig */,
				FBB2419746ADC8B99486A2E5 /* Pods-ArtBox.release.xcconfig */,
				2DBC4E7EEF9D814CFC9C1A72 /* Pods-ArtBoxTests.debug.xcconfig */,
				DBFEAEB1AE73593DF8513EEC /* Pods-ArtBoxTests.release.xcconfig */,
				40A22AF958531703209C139A /* Pods-ArtBoxUITests.debug.xcconfig */,
				F4BD79D23C04E82AB7E6A222 /* Pods-ArtBoxUITests.release.xcconfig */,
			);
			name = Pods;
			sourceTree = "<group>";
		};
		A279838C205222FC00FBAD32 = {
			isa = PBXGroup;
			children = (
				A2798397205222FC00FBAD32 /* ArtBox */,
				A27983B0205222FC00FBAD32 /* ArtBoxTests */,
				A27983BB205222FD00FBAD32 /* ArtBoxUITests */,
				A2798396205222FC00FBAD32 /* Products */,
				48CD26B1BF086943D917C259 /* Pods */,
				E9ECBEB12475549B226284A8 /* Frameworks */,
			);
			sourceTree = "<group>";
		};
		A2798396205222FC00FBAD32 /* Products */ = {
			isa = PBXGroup;
			children = (
				A2798395205222FC00FBAD32 /* ArtBox.app */,
				A27983AD205222FC00FBAD32 /* ArtBoxTests.xctest */,
				A27983B8205222FD00FBAD32 /* ArtBoxUITests.xctest */,
			);
			name = Products;
			sourceTree = "<group>";
		};
		A2798397205222FC00FBAD32 /* ArtBox */ = {
			isa = PBXGroup;
			children = (
				A27983D2205228B200FBAD32 /* General */,
				A27983D6205228B200FBAD32 /* StoryBoard */,
				A27983D3205228B200FBAD32 /* UIFunction */,
				A27983CA205228B100FBAD32 /* SupportingFiles */,
				A27983D1205228B100FBAD32 /* Vendors */,
			);
			path = ArtBox;
			sourceTree = "<group>";
		};
		A27983B0205222FC00FBAD32 /* ArtBoxTests */ = {
			isa = PBXGroup;
			children = (
				A27983B1205222FC00FBAD32 /* ArtBoxTests.m */,
				A27983B3205222FC00FBAD32 /* Info.plist */,
			);
			path = ArtBoxTests;
			sourceTree = "<group>";
		};
		A27983BB205222FD00FBAD32 /* ArtBoxUITests */ = {
			isa = PBXGroup;
			children = (
				A27983BC205222FD00FBAD32 /* ArtBoxUITests.m */,
				A27983BE205222FD00FBAD32 /* Info.plist */,
			);
			path = ArtBoxUITests;
			sourceTree = "<group>";
		};
		A27983CA205228B100FBAD32 /* SupportingFiles */ = {
			isa = PBXGroup;
			children = (
				A27983CC205228B100FBAD32 /* AppDelegate.h */,
				A27983CF205228B100FBAD32 /* AppDelegate.m */,
				A27983CD205228B100FBAD32 /* Assets.xcassets */,
				A27983CE205228B100FBAD32 /* main.m */,
				A27983D0205228B100FBAD32 /* Info.plist */,
				A27983CB205228B100FBAD32 /* LaunchScreen.storyboard */,
			);
			path = SupportingFiles;
			sourceTree = "<group>";
		};
		A27983D1205228B100FBAD32 /* Vendors */ = {
			isa = PBXGroup;
			children = (
				A27983E22052296600FBAD32 /* OpenCV.h */,
				A27983E32052296600FBAD32 /* OpenCV.m */,
			);
			path = Vendors;
			sourceTree = "<group>";
		};
		A27983D2205228B200FBAD32 /* General */ = {
			isa = PBXGroup;
			children = (
				A27983DF2052294F00FBAD32 /* CommonTool.h */,
				A27983E02052294F00FBAD32 /* CommonTool.m */,
			);
			path = General;
			sourceTree = "<group>";
		};
		A27983D3205228B200FBAD32 /* UIFunction */ = {
			isa = PBXGroup;
			children = (
				A27983E5205229F200FBAD32 /* Welcome */,
				A27983E720522A4E00FBAD32 /* Reveal */,
				A27983E820522A4E00FBAD32 /* Tabbar */,
				A27983E620522A4E00FBAD32 /* Function */,
			);
			path = UIFunction;
			sourceTree = "<group>";
		};
		A27983D6205228B200FBAD32 /* StoryBoard */ = {
			isa = PBXGroup;
			children = (
				A27983D7205228B200FBAD32 /* Main.storyboard */,
			);
			path = StoryBoard;
			sourceTree = "<group>";
		};
		A27983E5205229F200FBAD32 /* Welcome */ = {
			isa = PBXGroup;
			children = (
				A27983E920522A7B00FBAD32 /* WelcomeVC.h */,
				A27983EA20522A7B00FBAD32 /* WelcomeVC.m */,
			);
			path = Welcome;
			sourceTree = "<group>";
		};
		A27983E620522A4E00FBAD32 /* Function */ = {
			isa = PBXGroup;
			children = (
				A27983F320522CAF00FBAD32 /* JinShi */,
				A27983F420522CAF00FBAD32 /* ShuFa */,
				A27983F520522CAF00FBAD32 /* TaoCi */,
				A27983F220522CAE00FBAD32 /* YouHua */,
			);
			path = Function;
			sourceTree = "<group>";
		};
		A27983E720522A4E00FBAD32 /* Reveal */ = {
			isa = PBXGroup;
			children = (
				A27983EF20522A9D00FBAD32 /* MainRevealVC.h */,
				A27983F020522A9D00FBAD32 /* MainRevealVC.m */,
			);
			path = Reveal;
			sourceTree = "<group>";
		};
		A27983E820522A4E00FBAD32 /* Tabbar */ = {
			isa = PBXGroup;
			children = (
				A27983EC20522A8C00FBAD32 /* TabBarVC.h */,
				A27983ED20522A8C00FBAD32 /* TabBarVC.m */,
			);
			path = Tabbar;
			sourceTree = "<group>";
		};
		A27983F220522CAE00FBAD32 /* YouHua */ = {
			isa = PBXGroup;
			children = (
				A27983FF20522D3E00FBAD32 /* YouHuaVC.h */,
				A279840020522D3E00FBAD32 /* YouHuaVC.m */,
			);
			path = YouHua;
			sourceTree = "<group>";
		};
		A27983F320522CAF00FBAD32 /* JinShi */ = {
			isa = PBXGroup;
			children = (
				A27983F620522D1400FBAD32 /* JinShiVC.h */,
				A27983F720522D1400FBAD32 /* JinShiVC.m */,
			);
			path = JinShi;
			sourceTree = "<group>";
		};
		A27983F420522CAF00FBAD32 /* ShuFa */ = {
			isa = PBXGroup;
			children = (
				A27983F920522D2000FBAD32 /* ShuFaVC.h */,
				A27983FA20522D2000FBAD32 /* ShuFaVC.m */,
			);
			path = ShuFa;
			sourceTree = "<group>";
		};
		A27983F520522CAF00FBAD32 /* TaoCi */ = {
			isa = PBXGroup;
			children = (
				A27983FC20522D2F00FBAD32 /* TaoCiVC.h */,
				A27983FD20522D2F00FBAD32 /* TaoCiVC.m */,
			);
			path = TaoCi;
			sourceTree = "<group>";
		};
		E9ECBEB12475549B226284A8 /* Frameworks */ = {
			isa = PBXGroup;
			children = (
				2D803F6A1D9FBFDEEE372456 /* libPods-ArtBox.a */,
				AA01B20B9AE439E46D551885 /* libPods-ArtBoxTests.a */,
				06762777DA9326264F8BC6CD /* libPods-ArtBoxUITests.a */,
			);
			name = Frameworks;
			sourceTree = "<group>";
		};
/* End PBXGroup section */

/* Begin PBXNativeTarget section */
		A2798394205222FC00FBAD32 /* ArtBox */ = {
			isa = PBXNativeTarget;
			buildConfigurationList = A27983C1205222FD00FBAD32 /* Build configuration list for PBXNativeTarget "ArtBox" */;
			buildPhases = (
				973081E9E55E59545EA3809D /* [CP] Check Pods Manifest.lock */,
				A2798391205222FC00FBAD32 /* Sources */,
				A2798392205222FC00FBAD32 /* Frameworks */,
				A2798393205222FC00FBAD32 /* Resources */,
				2C782E551881C656873F09C7 /* [CP] Embed Pods Frameworks */,
				2E0AB7B36F89B2C8EE032C91 /* [CP] Copy Pods Resources */,
			);
			buildRules = (
			);
			dependencies = (
			);
			name = ArtBox;
			productName = ArtBox;
			productReference = A2798395205222FC00FBAD32 /* ArtBox.app */;
			productType = "com.apple.product-type.application";
		};
		A27983AC205222FC00FBAD32 /* ArtBoxTests */ = {
			isa = PBXNativeTarget;
			buildConfigurationList = A27983C4205222FD00FBAD32 /* Build configuration list for PBXNativeTarget "ArtBoxTests" */;
			buildPhases = (
				9807EDE8C5B209D716AD5328 /* [CP] Check Pods Manifest.lock */,
				A27983A9205222FC00FBAD32 /* Sources */,
				A27983AA205222FC00FBAD32 /* Frameworks */,
				A27983AB205222FC00FBAD32 /* Resources */,
				782F1B0557EE55AF1ABFF22F /* [CP] Embed Pods Frameworks */,
				F045A3E32E53C6BFE1F0AF68 /* [CP] Copy Pods Resources */,
			);
			buildRules = (
			);
			dependencies = (
				A27983AF205222FC00FBAD32 /* PBXTargetDependency */,
			);
			name = ArtBoxTests;
			productName = ArtBoxTests;
			productReference = A27983AD205222FC00FBAD32 /* ArtBoxTests.xctest */;
			productType = "com.apple.product-type.bundle.unit-test";
		};
		A27983B7205222FD00FBAD32 /* ArtBoxUITests */ = {
			isa = PBXNativeTarget;
			buildConfigurationList = A27983C7205222FD00FBAD32 /* Build configuration list for PBXNativeTarget "ArtBoxUITests" */;
			buildPhases = (
				7F73D118B3D11FAD3AEFBA02 /* [CP] Check Pods Manifest.lock */,
				A27983B4205222FD00FBAD32 /* Sources */,
				A27983B5205222FD00FBAD32 /* Frameworks */,
				A27983B6205222FD00FBAD32 /* Resources */,
				B3A6DEA3FB3748B9C16853CC /* [CP] Embed Pods Frameworks */,
				C3535C32BD22AF6AAB0D06C2 /* [CP] Copy Pods Resources */,
			);
			buildRules = (
			);
			dependencies = (
				A27983BA205222FD00FBAD32 /* PBXTargetDependency */,
			);
			name = ArtBoxUITests;
			productName = ArtBoxUITests;
			productReference = A27983B8205222FD00FBAD32 /* ArtBoxUITests.xctest */;
			productType = "com.apple.product-type.bundle.ui-testing";
		};
/* End PBXNativeTarget section */

/* Begin PBXProject section */
		A279838D205222FC00FBAD32 /* Project object */ = {
			isa = PBXProject;
			attributes = {
				LastUpgradeCheck = 0920;
				ORGANIZATIONNAME = SongMenglong;
				TargetAttributes = {
					A2798394205222FC00FBAD32 = {
						CreatedOnToolsVersion = 9.2;
						ProvisioningStyle = Automatic;
					};
					A27983AC205222FC00FBAD32 = {
						CreatedOnToolsVersion = 9.2;
						ProvisioningStyle = Automatic;
						TestTargetID = A2798394205222FC00FBAD32;
					};
					A27983B7205222FD00FBAD32 = {
						CreatedOnToolsVersion = 9.2;
						ProvisioningStyle = Automatic;
						TestTargetID = A2798394205222FC00FBAD32;
					};
				};
			};
			buildConfigurationList = A2798390205222FC00FBAD32 /* Build configuration list for PBXProject "ArtBox" */;
			compatibilityVersion = "Xcode 8.0";
			developmentRegion = en;
			hasScannedForEncodings = 0;
			knownRegions = (
				en,
				Base,
			);
			mainGroup = A279838C205222FC00FBAD32;
			productRefGroup = A2798396205222FC00FBAD32 /* Products */;
			projectDirPath = "";
			projectRoot = "";
			targets = (
				A2798394205222FC00FBAD32 /* ArtBox */,
				A27983AC205222FC00FBAD32 /* ArtBoxTests */,
				A27983B7205222FD00FBAD32 /* ArtBoxUITests */,
			);
		};
/* End PBXProject section */

/* Begin PBXResourcesBuildPhase section */
		A2798393205222FC00FBAD32 /* Resources */ = {
			isa = PBXResourcesBuildPhase;
			buildActionMask = 2147483647;
			files = (
				A27983DE205228B200FBAD32 /* Main.storyboard in Resources */,
				A27983D8205228B200FBAD32 /* LaunchScreen.storyboard in Resources */,
				A27983DC205228B200FBAD32 /* Info.plist in Resources */,
				A27983D9205228B200FBAD32 /* Assets.xcassets in Resources */,
			);
			runOnlyForDeploymentPostprocessing = 0;
		};
		A27983AB205222FC00FBAD32 /* Resources */ = {
			isa = PBXResourcesBuildPhase;
			buildActionMask = 2147483647;
			files = (
			);
			runOnlyForDeploymentPostprocessing = 0;
		};
		A27983B6205222FD00FBAD32 /* Resources */ = {
			isa = PBXResourcesBuildPhase;
			buildActionMask = 2147483647;
			files = (
			);
			runOnlyForDeploymentPostprocessing = 0;
		};
/* End PBXResourcesBuildPhase section */

/* Begin PBXShellScriptBuildPhase section */
		2C782E551881C656873F09C7 /* [CP] Embed Pods Frameworks */ = {
			isa = PBXShellScriptBuildPhase;
			buildActionMask = 2147483647;
			files = (
			);
			inputPaths = (
			);
			name = "[CP] Embed Pods Frameworks";
			outputPaths = (
			);
			runOnlyForDeploymentPostprocessing = 0;
			shellPath = /bin/sh;
			shellScript = "\"${SRCROOT}/Pods/Target Support Files/Pods-ArtBox/Pods-ArtBox-frameworks.sh\"\n";
			showEnvVarsInLog = 0;
		};
		2E0AB7B36F89B2C8EE032C91 /* [CP] Copy Pods Resources */ = {
			isa = PBXShellScriptBuildPhase;
			buildActionMask = 2147483647;
			files = (
			);
			inputPaths = (
			);
			name = "[CP] Copy Pods Resources";
			outputPaths = (
			);
			runOnlyForDeploymentPostprocessing = 0;
			shellPath = /bin/sh;
			shellScript = "\"${SRCROOT}/Pods/Target Support Files/Pods-ArtBox/Pods-ArtBox-resources.sh\"\n";
			showEnvVarsInLog = 0;
		};
		782F1B0557EE55AF1ABFF22F /* [CP] Embed Pods Frameworks */ = {
			isa = PBXShellScriptBuildPhase;
			buildActionMask = 2147483647;
			files = (
			);
			inputPaths = (
			);
			name = "[CP] Embed Pods Frameworks";
			outputPaths = (
			);
			runOnlyForDeploymentPostprocessing = 0;
			shellPath = /bin/sh;
			shellScript = "\"${SRCROOT}/Pods/Target Support Files/Pods-ArtBoxTests/Pods-ArtBoxTests-frameworks.sh\"\n";
			showEnvVarsInLog = 0;
		};
		7F73D118B3D11FAD3AEFBA02 /* [CP] Check Pods Manifest.lock */ = {
			isa = PBXShellScriptBuildPhase;
			buildActionMask = 2147483647;
			files = (
			);
			inputPaths = (
				"${PODS_PODFILE_DIR_PATH}/Podfile.lock",
				"${PODS_ROOT}/Manifest.lock",
			);
			name = "[CP] Check Pods Manifest.lock";
			outputPaths = (
				"$(DERIVED_FILE_DIR)/Pods-ArtBoxUITests-checkManifestLockResult.txt",
			);
			runOnlyForDeploymentPostprocessing = 0;
			shellPath = /bin/sh;
			shellScript = "diff \"${PODS_PODFILE_DIR_PATH}/Podfile.lock\" \"${PODS_ROOT}/Manifest.lock\" > /dev/null\nif [ $? != 0 ] ; then\n    # print error to STDERR\n    echo \"error: The sandbox is not in sync with the Podfile.lock. Run 'pod install' or update your CocoaPods installation.\" >&2\n    exit 1\nfi\n# This output is used by Xcode 'outputs' to avoid re-running this script phase.\necho \"SUCCESS\" > \"${SCRIPT_OUTPUT_FILE_0}\"\n";
			showEnvVarsInLog = 0;
		};
		973081E9E55E59545EA3809D /* [CP] Check Pods Manifest.lock */ = {
			isa = PBXShellScriptBuildPhase;
			buildActionMask = 2147483647;
			files = (
			);
			inputPaths = (
				"${PODS_PODFILE_DIR_PATH}/Podfile.lock",
				"${PODS_ROOT}/Manifest.lock",
			);
			name = "[CP] Check Pods Manifest.lock";
			outputPaths = (
				"$(DERIVED_FILE_DIR)/Pods-ArtBox-checkManifestLockResult.txt",
			);
			runOnlyForDeploymentPostprocessing = 0;
			shellPath = /bin/sh;
			shellScript = "diff \"${PODS_PODFILE_DIR_PATH}/Podfile.lock\" \"${PODS_ROOT}/Manifest.lock\" > /dev/null\nif [ $? != 0 ] ; then\n    # print error to STDERR\n    echo \"error: The sandbox is not in sync with the Podfile.lock. Run 'pod install' or update your CocoaPods installation.\" >&2\n    exit 1\nfi\n# This output is used by Xcode 'outputs' to avoid re-running this script phase.\necho \"SUCCESS\" > \"${SCRIPT_OUTPUT_FILE_0}\"\n";
			showEnvVarsInLog = 0;
		};
		9807EDE8C5B209D716AD5328 /* [CP] Check Pods Manifest.lock */ = {
			isa = PBXShellScriptBuildPhase;
			buildActionMask = 2147483647;
			files = (
			);
			inputPaths = (
				"${PODS_PODFILE_DIR_PATH}/Podfile.lock",
				"${PODS_ROOT}/Manifest.lock",
			);
			name = "[CP] Check Pods Manifest.lock";
			outputPaths = (
				"$(DERIVED_FILE_DIR)/Pods-ArtBoxTests-checkManifestLockResult.txt",
			);
			runOnlyForDeploymentPostprocessing = 0;
			shellPath = /bin/sh;
			shellScript = "diff \"${PODS_PODFILE_DIR_PATH}/Podfile.lock\" \"${PODS_ROOT}/Manifest.lock\" > /dev/null\nif [ $? != 0 ] ; then\n    # print error to STDERR\n    echo \"error: The sandbox is not in sync with the Podfile.lock. Run 'pod install' or update your CocoaPods installation.\" >&2\n    exit 1\nfi\n# This output is used by Xcode 'outputs' to avoid re-running this script phase.\necho \"SUCCESS\" > \"${SCRIPT_OUTPUT_FILE_0}\"\n";
			showEnvVarsInLog = 0;
		};
		B3A6DEA3FB3748B9C16853CC /* [CP] Embed Pods Frameworks */ = {
			isa = PBXShellScriptBuildPhase;
			buildActionMask = 2147483647;
			files = (
			);
			inputPaths = (
			);
			name = "[CP] Embed Pods Frameworks";
			outputPaths = (
			);
			runOnlyForDeploymentPostprocessing = 0;
			shellPath = /bin/sh;
			shellScript = "\"${SRCROOT}/Pods/Target Support Files/Pods-ArtBoxUITests/Pods-ArtBoxUITests-frameworks.sh\"\n";
			showEnvVarsInLog = 0;
		};
		C3535C32BD22AF6AAB0D06C2 /* [CP] Copy Pods Resources */ = {
			isa = PBXShellScriptBuildPhase;
			buildActionMask = 2147483647;
			files = (
			);
			inputPaths = (
			);
			name = "[CP] Copy Pods Resources";
			outputPaths = (
			);
			runOnlyForDeploymentPostprocessing = 0;
			shellPath = /bin/sh;
			shellScript = "\"${SRCROOT}/Pods/Target Support Files/Pods-ArtBoxUITests/Pods-ArtBoxUITests-resources.sh\"\n";
			showEnvVarsInLog = 0;
		};
		F045A3E32E53C6BFE1F0AF68 /* [CP] Copy Pods Resources */ = {
			isa = PBXShellScriptBuildPhase;
			buildActionMask = 2147483647;
			files = (
			);
			inputPaths = (
			);
			name = "[CP] Copy Pods Resources";
			outputPaths = (
			);
			runOnlyForDeploymentPostprocessing = 0;
			shellPath = /bin/sh;
			shellScript = "\"${SRCROOT}/Pods/Target Support Files/Pods-ArtBoxTests/Pods-ArtBoxTests-resources.sh\"\n";
			showEnvVarsInLog = 0;
		};
/* End PBXShellScriptBuildPhase section */

/* Begin PBXSourcesBuildPhase section */
		A2798391205222FC00FBAD32 /* Sources */ = {
			isa = PBXSourcesBuildPhase;
			buildActionMask = 2147483647;
			files = (
				A27983E42052296600FBAD32 /* OpenCV.m in Sources */,
				A27983F120522A9D00FBAD32 /* MainRevealVC.m in Sources */,
				A27983DA205228B200FBAD32 /* main.m in Sources */,
				A27983F820522D1400FBAD32 /* JinShiVC.m in Sources */,
				A27983E12052294F00FBAD32 /* CommonTool.m in Sources */,
				A27983DB205228B200FBAD32 /* AppDelegate.m in Sources */,
				A279840120522D3E00FBAD32 /* YouHuaVC.m in Sources */,
				A27983EE20522A8C00FBAD32 /* TabBarVC.m in Sources */,
				A27983FE20522D2F00FBAD32 /* TaoCiVC.m in Sources */,
				A27983EB20522A7B00FBAD32 /* WelcomeVC.m in Sources */,
				A27983FB20522D2000FBAD32 /* ShuFaVC.m in Sources */,
			);
			runOnlyForDeploymentPostprocessing = 0;
		};
		A27983A9205222FC00FBAD32 /* Sources */ = {
			isa = PBXSourcesBuildPhase;
			buildActionMask = 2147483647;
			files = (
				A27983B2205222FC00FBAD32 /* ArtBoxTests.m in Sources */,
			);
			runOnlyForDeploymentPostprocessing = 0;
		};
		A27983B4205222FD00FBAD32 /* Sources */ = {
			isa = PBXSourcesBuildPhase;
			buildActionMask = 2147483647;
			files = (
				A27983BD205222FD00FBAD32 /* ArtBoxUITests.m in Sources */,
			);
			runOnlyForDeploymentPostprocessing = 0;
		};
/* End PBXSourcesBuildPhase section */

/* Begin PBXTargetDependency section */
		A27983AF205222FC00FBAD32 /* PBXTargetDependency */ = {
			isa = PBXTargetDependency;
			target = A2798394205222FC00FBAD32 /* ArtBox */;
			targetProxy = A27983AE205222FC00FBAD32 /* PBXContainerItemProxy */;
		};
		A27983BA205222FD00FBAD32 /* PBXTargetDependency */ = {
			isa = PBXTargetDependency;
			target = A2798394205222FC00FBAD32 /* ArtBox */;
			targetProxy = A27983B9205222FD00FBAD32 /* PBXContainerItemProxy */;
		};
/* End PBXTargetDependency section */

/* Begin XCBuildConfiguration section */
		A27983BF205222FD00FBAD32 /* Debug */ = {
			isa = XCBuildConfiguration;
			buildSettings = {
				ALWAYS_SEARCH_USER_PATHS = NO;
				CLANG_ANALYZER_NONNULL = YES;
				CLANG_ANALYZER_NUMBER_OBJECT_CONVERSION = YES_AGGRESSIVE;
				CLANG_CXX_LANGUAGE_STANDARD = "gnu++14";
				CLANG_CXX_LIBRARY = "libc++";
				CLANG_ENABLE_MODULES = YES;
				CLANG_ENABLE_OBJC_ARC = YES;
				CLANG_WARN_BLOCK_CAPTURE_AUTORELEASING = YES;
				CLANG_WARN_BOOL_CONVERSION = YES;
				CLANG_WARN_COMMA = YES;
				CLANG_WARN_CONSTANT_CONVERSION = YES;
				CLANG_WARN_DIRECT_OBJC_ISA_USAGE = YES_ERROR;
				CLANG_WARN_DOCUMENTATION_COMMENTS = YES;
				CLANG_WARN_EMPTY_BODY = YES;
				CLANG_WARN_ENUM_CONVERSION = YES;
				CLANG_WARN_INFINITE_RECURSION = YES;
				CLANG_WARN_INT_CONVERSION = YES;
				CLANG_WARN_NON_LITERAL_NULL_CONVERSION = YES;
				CLANG_WARN_OBJC_LITERAL_CONVERSION = YES;
				CLANG_WARN_OBJC_ROOT_CLASS = YES_ERROR;
				CLANG_WARN_RANGE_LOOP_ANALYSIS = YES;
				CLANG_WARN_STRICT_PROTOTYPES = YES;
				CLANG_WARN_SUSPICIOUS_MOVE = YES;
				CLANG_WARN_UNGUARDED_AVAILABILITY = YES_AGGRESSIVE;
				CLANG_WARN_UNREACHABLE_CODE = YES;
				CLANG_WARN__DUPLICATE_METHOD_MATCH = YES;
				CODE_SIGN_IDENTITY = "iPhone Developer";
				COPY_PHASE_STRIP = NO;
				DEBUG_INFORMATION_FORMAT = dwarf;
				ENABLE_STRICT_OBJC_MSGSEND = YES;
				ENABLE_TESTABILITY = YES;
				GCC_C_LANGUAGE_STANDARD = gnu11;
				GCC_DYNAMIC_NO_PIC = NO;
				GCC_NO_COMMON_BLOCKS = YES;
				GCC_OPTIMIZATION_LEVEL = 0;
				GCC_PREPROCESSOR_DEFINITIONS = (
					"DEBUG=1",
					"$(inherited)",
				);
				GCC_WARN_64_TO_32_BIT_CONVERSION = YES;
				GCC_WARN_ABOUT_RETURN_TYPE = YES_ERROR;
				GCC_WARN_UNDECLARED_SELECTOR = YES;
				GCC_WARN_UNINITIALIZED_AUTOS = YES_AGGRESSIVE;
				GCC_WARN_UNUSED_FUNCTION = YES;
				GCC_WARN_UNUSED_VARIABLE = YES;
				IPHONEOS_DEPLOYMENT_TARGET = 11.2;
				MTL_ENABLE_DEBUG_INFO = YES;
				ONLY_ACTIVE_ARCH = YES;
				SDKROOT = iphoneos;
			};
			name = Debug;
		};
		A27983C0205222FD00FBAD32 /* Release */ = {
			isa = XCBuildConfiguration;
			buildSettings = {
				ALWAYS_SEARCH_USER_PATHS = NO;
				CLANG_ANALYZER_NONNULL = YES;
				CLANG_ANALYZER_NUMBER_OBJECT_CONVERSION = YES_AGGRESSIVE;
				CLANG_CXX_LANGUAGE_STANDARD = "gnu++14";
				CLANG_CXX_LIBRARY = "libc++";
				CLANG_ENABLE_MODULES = YES;
				CLANG_ENABLE_OBJC_ARC = YES;
				CLANG_WARN_BLOCK_CAPTURE_AUTORELEASING = YES;
				CLANG_WARN_BOOL_CONVERSION = YES;
				CLANG_WARN_COMMA = YES;
				CLANG_WARN_CONSTANT_CONVERSION = YES;
				CLANG_WARN_DIRECT_OBJC_ISA_USAGE = YES_ERROR;
				CLANG_WARN_DOCUMENTATION_COMMENTS = YES;
				CLANG_WARN_EMPTY_BODY = YES;
				CLANG_WARN_ENUM_CONVERSION = YES;
				CLANG_WARN_INFINITE_RECURSION = YES;
				CLANG_WARN_INT_CONVERSION = YES;
				CLANG_WARN_NON_LITERAL_NULL_CONVERSION = YES;
				CLANG_WARN_OBJC_LITERAL_CONVERSION = YES;
				CLANG_WARN_OBJC_ROOT_CLASS = YES_ERROR;
				CLANG_WARN_RANGE_LOOP_ANALYSIS = YES;
				CLANG_WARN_STRICT_PROTOTYPES = YES;
				CLANG_WARN_SUSPICIOUS_MOVE = YES;
				CLANG_WARN_UNGUARDED_AVAILABILITY = YES_AGGRESSIVE;
				CLANG_WARN_UNREACHABLE_CODE = YES;
				CLANG_WARN__DUPLICATE_METHOD_MATCH = YES;
				CODE_SIGN_IDENTITY = "iPhone Developer";
				COPY_PHASE_STRIP = NO;
				DEBUG_INFORMATION_FORMAT = "dwarf-with-dsym";
				ENABLE_NS_ASSERTIONS = NO;
				ENABLE_STRICT_OBJC_MSGSEND = YES;
				GCC_C_LANGUAGE_STANDARD = gnu11;
				GCC_NO_COMMON_BLOCKS = YES;
				GCC_WARN_64_TO_32_BIT_CONVERSION = YES;
				GCC_WARN_ABOUT_RETURN_TYPE = YES_ERROR;
				GCC_WARN_UNDECLARED_SELECTOR = YES;
				GCC_WARN_UNINITIALIZED_AUTOS = YES_AGGRESSIVE;
				GCC_WARN_UNUSED_FUNCTION = YES;
				GCC_WARN_UNUSED_VARIABLE = YES;
				IPHONEOS_DEPLOYMENT_TARGET = 11.2;
				MTL_ENABLE_DEBUG_INFO = NO;
				SDKROOT = iphoneos;
				VALIDATE_PRODUCT = YES;
			};
			name = Release;
		};
		A27983C2205222FD00FBAD32 /* Debug */ = {
			isa = XCBuildConfiguration;
			baseConfigurationReference = C0899342183BC365567AFA14 /* Pods-ArtBox.debug.xcconfig */;
			buildSettings = {
				ASSETCATALOG_COMPILER_APPICON_NAME = AppIcon;
				CODE_SIGN_STYLE = Automatic;
				INFOPLIST_FILE = "$(SRCROOT)/ArtBox/SupportingFiles/Info.plist";
				LD_RUNPATH_SEARCH_PATHS = "$(inherited) @executable_path/Frameworks";
				PRODUCT_BUNDLE_IDENTIFIER = com.uascent.ArtBox;
				PRODUCT_NAME = "$(TARGET_NAME)";
				TARGETED_DEVICE_FAMILY = "1,2";
			};
			name = Debug;
		};
		A27983C3205222FD00FBAD32 /* Release */ = {
			isa = XCBuildConfiguration;
			baseConfigurationReference = FBB2419746ADC8B99486A2E5 /* Pods-ArtBox.release.xcconfig */;
			buildSettings = {
				ASSETCATALOG_COMPILER_APPICON_NAME = AppIcon;
				CODE_SIGN_STYLE = Automatic;
				INFOPLIST_FILE = "$(SRCROOT)/ArtBox/SupportingFiles/Info.plist";
				LD_RUNPATH_SEARCH_PATHS = "$(inherited) @executable_path/Frameworks";
				PRODUCT_BUNDLE_IDENTIFIER = com.uascent.ArtBox;
				PRODUCT_NAME = "$(TARGET_NAME)";
				TARGETED_DEVICE_FAMILY = "1,2";
			};
			name = Release;
		};
		A27983C5205222FD00FBAD32 /* Debug */ = {
			isa = XCBuildConfiguration;
			baseConfigurationReference = 2DBC4E7EEF9D814CFC9C1A72 /* Pods-ArtBoxTests.debug.xcconfig */;
			buildSettings = {
				BUNDLE_LOADER = "$(TEST_HOST)";
				CODE_SIGN_STYLE = Automatic;
				INFOPLIST_FILE = ArtBoxTests/Info.plist;
				LD_RUNPATH_SEARCH_PATHS = "$(inherited) @executable_path/Frameworks @loader_path/Frameworks";
				PRODUCT_BUNDLE_IDENTIFIER = com.uascent.ArtBoxTests;
				PRODUCT_NAME = "$(TARGET_NAME)";
				TARGETED_DEVICE_FAMILY = "1,2";
				TEST_HOST = "$(BUILT_PRODUCTS_DIR)/ArtBox.app/ArtBox";
			};
			name = Debug;
		};
		A27983C6205222FD00FBAD32 /* Release */ = {
			isa = XCBuildConfiguration;
			baseConfigurationReference = DBFEAEB1AE73593DF8513EEC /* Pods-ArtBoxTests.release.xcconfig */;
			buildSettings = {
				BUNDLE_LOADER = "$(TEST_HOST)";
				CODE_SIGN_STYLE = Automatic;
				INFOPLIST_FILE = ArtBoxTests/Info.plist;
				LD_RUNPATH_SEARCH_PATHS = "$(inherited) @executable_path/Frameworks @loader_path/Frameworks";
				PRODUCT_BUNDLE_IDENTIFIER = com.uascent.ArtBoxTests;
				PRODUCT_NAME = "$(TARGET_NAME)";
				TARGETED_DEVICE_FAMILY = "1,2";
				TEST_HOST = "$(BUILT_PRODUCTS_DIR)/ArtBox.app/ArtBox";
			};
			name = Release;
		};
		A27983C8205222FD00FBAD32 /* Debug */ = {
			isa = XCBuildConfiguration;
			baseConfigurationReference = 40A22AF958531703209C139A /* Pods-ArtBoxUITests.debug.xcconfig */;
			buildSettings = {
				CODE_SIGN_STYLE = Automatic;
				INFOPLIST_FILE = ArtBoxUITests/Info.plist;
				LD_RUNPATH_SEARCH_PATHS = "$(inherited) @executable_path/Frameworks @loader_path/Frameworks";
				PRODUCT_BUNDLE_IDENTIFIER = com.uascent.ArtBoxUITests;
				PRODUCT_NAME = "$(TARGET_NAME)";
				TARGETED_DEVICE_FAMILY = "1,2";
				TEST_TARGET_NAME = ArtBox;
			};
			name = Debug;
		};
		A27983C9205222FD00FBAD32 /* Release */ = {
			isa = XCBuildConfiguration;
			baseConfigurationReference = F4BD79D23C04E82AB7E6A222 /* Pods-ArtBoxUITests.release.xcconfig */;
			buildSettings = {
				CODE_SIGN_STYLE = Automatic;
				INFOPLIST_FILE = ArtBoxUITests/Info.plist;
				LD_RUNPATH_SEARCH_PATHS = "$(inherited) @executable_path/Frameworks @loader_path/Frameworks";
				PRODUCT_BUNDLE_IDENTIFIER = com.uascent.ArtBoxUITests;
				PRODUCT_NAME = "$(TARGET_NAME)";
				TARGETED_DEVICE_FAMILY = "1,2";
				TEST_TARGET_NAME = ArtBox;
			};
			name = Release;
		};
/* End XCBuildConfiguration section */

/* Begin XCConfigurationList section */
		A2798390205222FC00FBAD32 /* Build configuration list for PBXProject "ArtBox" */ = {
			isa = XCConfigurationList;
			buildConfigurations = (
				A27983BF205222FD00FBAD32 /* Debug */,
				A27983C0205222FD00FBAD32 /* Release */,
			);
			defaultConfigurationIsVisible = 0;
			defaultConfigurationName = Release;
		};
		A27983C1205222FD00FBAD32 /* Build configuration list for PBXNativeTarget "ArtBox" */ = {
			isa = XCConfigurationList;
			buildConfigurations = (
				A27983C2205222FD00FBAD32 /* Debug */,
				A27983C3205222FD00FBAD32 /* Release */,
			);
			defaultConfigurationIsVisible = 0;
			defaultConfigurationName = Release;
		};
		A27983C4205222FD00FBAD32 /* Build configuration list for PBXNativeTarget "ArtBoxTests" */ = {
			isa = XCConfigurationList;
			buildConfigurations = (
				A27983C5205222FD00FBAD32 /* Debug */,
				A27983C6205222FD00FBAD32 /* Release */,
			);
			defaultConfigurationIsVisible = 0;
			defaultConfigurationName = Release;
		};
		A27983C7205222FD00FBAD32 /* Build configuration list for PBXNativeTarget "ArtBoxUITests" */ = {
			isa = XCConfigurationList;
			buildConfigurations = (
				A27983C8205222FD00FBAD32 /* Debug */,
				A27983C9205222FD00FBAD32 /* Release */,
			);
			defaultConfigurationIsVisible = 0;
			defaultConfigurationName = Release;
		};
/* End XCConfigurationList section */
	};
	rootObject = A279838D205222FC00FBAD32 /* Project object */;
}
